
Microsoft Visual Studio Solution File, Format Version 12.00
# Visual Studio 11
Project("{FAE04EC0-301F-11D3-BF4B-00C04F79EFBC}") = "Git-GUI", "Git-GUI.csproj", "{3E181F9A-55E5-4769-BB53-AE95AC319AAF}"
EndProject
Global
	GlobalSection(SolutionConfigurationPlatforms) = preSolution
		Debug|x64 = Debug|x64
		Debug|x86 = Debug|x86
		Release|x64 = Release|x64
		Release|x86 = Release|x86
	EndGlobalSection
	GlobalSection(ProjectConfigurationPlatforms) = postSolution
		{3E181F9A-55E5-4769-BB53-AE95AC319AAF}.Debug|x64.ActiveCfg = Debug|x86
		{3E181F9A-55E5-4769-BB53-AE95AC319AAF}.Debug|x64.Build.0 = Debug|x86
		{3E181F9A-55E5-4769-BB53-AE95AC319AAF}.Debug|x86.ActiveCfg = Debug|x86
		{3E181F9A-55E5-4769-BB53-AE95AC319AAF}.Debug|x86.Build.0 = Debug|x86
		{3E181F9A-55E5-4769-BB53-AE95AC319AAF}.Release|x64.ActiveCfg = Release|x64
		{3E181F9A-55E5-4769-BB53-AE95AC319AAF}.Release|x64.Build.0 = Release|x64
		{3E181F9A-55E5-4769-BB53-AE95AC319AAF}.Release|x86.ActiveCfg = Release|x86
		{3E181F9A-55E5-4769-BB53-AE95AC319AAF}.Release|x86.Build.0 = Release|x86
	EndGlobalSection
	GlobalSection(SolutionProperties) = preSolution
		HideSolutionNode = FALSE
	EndGlobalSection
EndGlobal
